// !$*UTF8*$!
{
	archiveVersion = 1;
	classes = {
	};
	objectVersion = 46;
	objects = {

/* Begin PBXBuildFile section */
		AD0A53CC1BDB5699001943BC /* main.m in Sources */ = {isa = PBXBuildFile; fileRef = AD0A53CB1BDB5699001943BC /* main.m */; };
		AD0A53CF1BDB5699001943BC /* AppDelegate.m in Sources */ = {isa = PBXBuildFile; fileRef = AD0A53CE1BDB5699001943BC /* AppDelegate.m */; };
		AD0A53D21BDB5699001943BC /* ViewController.m in Sources */ = {isa = PBXBuildFile; fileRef = AD0A53D11BDB5699001943BC /* ViewController.m */; };
		AD0A53D71BDB5699001943BC /* Assets.xcassets in Resources */ = {isa = PBXBuildFile; fileRef = AD0A53D61BDB5699001943BC /* Assets.xcassets */; };
		AD0A53DA1BDB5699001943BC /* LaunchScreen.storyboard in Resources */ = {isa = PBXBuildFile; fileRef = AD0A53D81BDB5699001943BC /* LaunchScreen.storyboard */; };
		AD0A53E21BDB5F6C001943BC /* MultipeerConnectivity.framework in Frameworks */ = {isa = PBXBuildFile; fileRef = AD0A53E11BDB5F6C001943BC /* MultipeerConnectivity.framework */; };
		AD0A54231BDB62B4001943BC /* EZAudio.m in Sources */ = {isa = PBXBuildFile; fileRef = AD0A54041BDB62B4001943BC /* EZAudio.m */; settings = {ASSET_TAGS = (); }; };
		AD0A54241BDB62B4001943BC /* EZAudioDevice.m in Sources */ = {isa = PBXBuildFile; fileRef = AD0A54061BDB62B4001943BC /* EZAudioDevice.m */; settings = {ASSET_TAGS = (); }; };
		AD0A54251BDB62B4001943BC /* EZAudioDisplayLink.m in Sources */ = {isa = PBXBuildFile; fileRef = AD0A54081BDB62B4001943BC /* EZAudioDisplayLink.m */; settings = {ASSET_TAGS = (); }; };
		AD0A54261BDB62B4001943BC /* EZAudioFFT.m in Sources */ = {isa = PBXBuildFile; fileRef = AD0A540A1BDB62B4001943BC /* EZAudioFFT.m */; settings = {ASSET_TAGS = (); }; };
		AD0A54271BDB62B4001943BC /* EZAudioFile.m in Sources */ = {isa = PBXBuildFile; fileRef = AD0A540C1BDB62B4001943BC /* EZAudioFile.m */; settings = {ASSET_TAGS = (); }; };
		AD0A54281BDB62B4001943BC /* EZAudioFloatConverter.m in Sources */ = {isa = PBXBuildFile; fileRef = AD0A540E1BDB62B4001943BC /* EZAudioFloatConverter.m */; settings = {ASSET_TAGS = (); }; };
		AD0A54291BDB62B4001943BC /* EZAudioFloatData.m in Sources */ = {isa = PBXBuildFile; fileRef = AD0A54101BDB62B4001943BC /* EZAudioFloatData.m */; settings = {ASSET_TAGS = (); }; };
		AD0A542A1BDB62B4001943BC /* EZAudioPlayer.m in Sources */ = {isa = PBXBuildFile; fileRef = AD0A54121BDB62B4001943BC /* EZAudioPlayer.m */; settings = {ASSET_TAGS = (); }; };
		AD0A542B1BDB62B4001943BC /* EZAudioPlot.m in Sources */ = {isa = PBXBuildFile; fileRef = AD0A54141BDB62B4001943BC /* EZAudioPlot.m */; settings = {ASSET_TAGS = (); }; };
		AD0A542C1BDB62B4001943BC /* EZAudioPlotGL.m in Sources */ = {isa = PBXBuildFile; fileRef = AD0A54161BDB62B4001943BC /* EZAudioPlotGL.m */; settings = {ASSET_TAGS = (); }; };
		AD0A542D1BDB62B4001943BC /* EZAudioUtilities.m in Sources */ = {isa = PBXBuildFile; fileRef = AD0A54181BDB62B4001943BC /* EZAudioUtilities.m */; settings = {ASSET_TAGS = (); }; };
		AD0A542E1BDB62B4001943BC /* EZMicrophone.m in Sources */ = {isa = PBXBuildFile; fileRef = AD0A541A1BDB62B4001943BC /* EZMicrophone.m */; settings = {ASSET_TAGS = (); }; };
		AD0A542F1BDB62B4001943BC /* EZOutput.m in Sources */ = {isa = PBXBuildFile; fileRef = AD0A541C1BDB62B4001943BC /* EZOutput.m */; settings = {ASSET_TAGS = (); }; };
		AD0A54301BDB62B4001943BC /* EZPlot.m in Sources */ = {isa = PBXBuildFile; fileRef = AD0A541E1BDB62B4001943BC /* EZPlot.m */; settings = {ASSET_TAGS = (); }; };
		AD0A54311BDB62B4001943BC /* EZRecorder.m in Sources */ = {isa = PBXBuildFile; fileRef = AD0A54201BDB62B4001943BC /* EZRecorder.m */; settings = {ASSET_TAGS = (); }; };
		AD0A54321BDB62B4001943BC /* TPCircularBuffer.c in Sources */ = {isa = PBXBuildFile; fileRef = AD0A54211BDB62B4001943BC /* TPCircularBuffer.c */; settings = {ASSET_TAGS = (); }; };
		AD0A54341BDB6706001943BC /* AVFoundation.framework in Frameworks */ = {isa = PBXBuildFile; fileRef = AD0A54331BDB6706001943BC /* AVFoundation.framework */; };
		AD0A54361BDB670C001943BC /* Accelerate.framework in Frameworks */ = {isa = PBXBuildFile; fileRef = AD0A54351BDB670C001943BC /* Accelerate.framework */; };
		AD0A54381BDB6714001943BC /* AudioToolbox.framework in Frameworks */ = {isa = PBXBuildFile; fileRef = AD0A54371BDB6714001943BC /* AudioToolbox.framework */; };
		AD0A543A1BDB671C001943BC /* CoreGraphics.framework in Frameworks */ = {isa = PBXBuildFile; fileRef = AD0A54391BDB671C001943BC /* CoreGraphics.framework */; };
		AD0A543C1BDB6725001943BC /* GLKit.framework in Frameworks */ = {isa = PBXBuildFile; fileRef = AD0A543B1BDB6725001943BC /* GLKit.framework */; };
		AD0A54451BDB766B001943BC /* AppDelegate.m in Sources */ = {isa = PBXBuildFile; fileRef = AD0A54441BDB766B001943BC /* AppDelegate.m */; };
		AD0A54481BDB766B001943BC /* main.m in Sources */ = {isa = PBXBuildFile; fileRef = AD0A54471BDB766B001943BC /* main.m */; };
		AD0A544A1BDB766B001943BC /* Assets.xcassets in Resources */ = {isa = PBXBuildFile; fileRef = AD0A54491BDB766B001943BC /* Assets.xcassets */; };
		AD0A544D1BDB766B001943BC /* MainMenu.xib in Resources */ = {isa = PBXBuildFile; fileRef = AD0A544B1BDB766B001943BC /* MainMenu.xib */; };
/* End PBXBuildFile section */

/* Begin PBXFileReference section */
		AD0A53C71BDB5699001943BC /* Wopi.app */ = {isa = PBXFileReference; explicitFileType = wrapper.application; includeInIndex = 0; path = Wopi.app; sourceTree = BUILT_PRODUCTS_DIR; };
		AD0A53CB1BDB5699001943BC /* main.m */ = {isa = PBXFileReference; lastKnownFileType = sourcecode.c.objc; path = main.m; sourceTree = "<group>"; };
		AD0A53CD1BDB5699001943BC /* AppDelegate.h */ = {isa = PBXFileReference; lastKnownFileType = sourcecode.c.h; path = AppDelegate.h; sourceTree = "<group>"; };
		AD0A53CE1BDB5699001943BC /* AppDelegate.m */ = {isa = PBXFileReference; lastKnownFileType = sourcecode.c.objc; path = AppDelegate.m; sourceTree = "<group>"; };
		AD0A53D01BDB5699001943BC /* ViewController.h */ = {isa = PBXFileReference; lastKnownFileType = sourcecode.c.h; path = ViewController.h; sourceTree = "<group>"; };
		AD0A53D11BDB5699001943BC /* ViewController.m */ = {isa = PBXFileReference; lastKnownFileType = sourcecode.c.objc; path = ViewController.m; sourceTree = "<group>"; };
		AD0A53D61BDB5699001943BC /* Assets.xcassets */ = {isa = PBXFileReference; lastKnownFileType = folder.assetcatalog; path = Assets.xcassets; sourceTree = "<group>"; };
		AD0A53D91BDB5699001943BC /* Base */ = {isa = PBXFileReference; lastKnownFileType = file.storyboard; name = Base; path = Base.lproj/LaunchScreen.storyboard; sourceTree = "<group>"; };
		AD0A53DB1BDB5699001943BC /* Info.plist */ = {isa = PBXFileReference; lastKnownFileType = text.plist.xml; path = Info.plist; sourceTree = "<group>"; };
		AD0A53E11BDB5F6C001943BC /* MultipeerConnectivity.framework */ = {isa = PBXFileReference; lastKnownFileType = wrapper.framework; name = MultipeerConnectivity.framework; path = System/Library/Frameworks/MultipeerConnectivity.framework; sourceTree = SDKROOT; };
		AD0A54031BDB62B4001943BC /* EZAudio.h */ = {isa = PBXFileReference; fileEncoding = 4; lastKnownFileType = sourcecode.c.h; path = EZAudio.h; sourceTree = "<group>"; };
		AD0A54041BDB62B4001943BC /* EZAudio.m */ = {isa = PBXFileReference; fileEncoding = 4; lastKnownFileType = sourcecode.c.objc; path = EZAudio.m; sourceTree = "<group>"; };
		AD0A54051BDB62B4001943BC /* EZAudioDevice.h */ = {isa = PBXFileReference; fileEncoding = 4; lastKnownFileType = sourcecode.c.h; path = EZAudioDevice.h; sourceTree = "<group>"; };
		AD0A54061BDB62B4001943BC /* EZAudioDevice.m */ = {isa = PBXFileReference; fileEncoding = 4; lastKnownFileType = sourcecode.c.objc; path = EZAudioDevice.m; sourceTree = "<group>"; };
		AD0A54071BDB62B4001943BC /* EZAudioDisplayLink.h */ = {isa = PBXFileReference; fileEncoding = 4; lastKnownFileType = sourcecode.c.h; path = EZAudioDisplayLink.h; sourceTree = "<group>"; };
		AD0A54081BDB62B4001943BC /* EZAudioDisplayLink.m */ = {isa = PBXFileReference; fileEncoding = 4; lastKnownFileType = sourcecode.c.objc; path = EZAudioDisplayLink.m; sourceTree = "<group>"; };
		AD0A54091BDB62B4001943BC /* EZAudioFFT.h */ = {isa = PBXFileReference; fileEncoding = 4; lastKnownFileType = sourcecode.c.h; path = EZAudioFFT.h; sourceTree = "<group>"; };
		AD0A540A1BDB62B4001943BC /* EZAudioFFT.m */ = {isa = PBXFileReference; fileEncoding = 4; lastKnownFileType = sourcecode.c.objc; path = EZAudioFFT.m; sourceTree = "<group>"; };
		AD0A540B1BDB62B4001943BC /* EZAudioFile.h */ = {isa = PBXFileReference; fileEncoding = 4; lastKnownFileType = sourcecode.c.h; path = EZAudioFile.h; sourceTree = "<group>"; };
		AD0A540C1BDB62B4001943BC /* EZAudioFile.m */ = {isa = PBXFileReference; fileEncoding = 4; lastKnownFileType = sourcecode.c.objc; path = EZAudioFile.m; sourceTree = "<group>"; };
		AD0A540D1BDB62B4001943BC /* EZAudioFloatConverter.h */ = {isa = PBXFileReference; fileEncoding = 4; lastKnownFileType = sourcecode.c.h; path = EZAudioFloatConverter.h; sourceTree = "<group>"; };
		AD0A540E1BDB62B4001943BC /* EZAudioFloatConverter.m */ = {isa = PBXFileReference; fileEncoding = 4; lastKnownFileType = sourcecode.c.objc; path = EZAudioFloatConverter.m; sourceTree = "<group>"; };
		AD0A540F1BDB62B4001943BC /* EZAudioFloatData.h */ = {isa = PBXFileReference; fileEncoding = 4; lastKnownFileType = sourcecode.c.h; path = EZAudioFloatData.h; sourceTree = "<group>"; };
		AD0A54101BDB62B4001943BC /* EZAudioFloatData.m */ = {isa = PBXFileReference; fileEncoding = 4; lastKnownFileType = sourcecode.c.objc; path = EZAudioFloatData.m; sourceTree = "<group>"; };
		AD0A54111BDB62B4001943BC /* EZAudioPlayer.h */ = {isa = PBXFileReference; fileEncoding = 4; lastKnownFileType = sourcecode.c.h; path = EZAudioPlayer.h; sourceTree = "<group>"; };
		AD0A54121BDB62B4001943BC /* EZAudioPlayer.m */ = {isa = PBXFileReference; fileEncoding = 4; lastKnownFileType = sourcecode.c.objc; path = EZAudioPlayer.m; sourceTree = "<group>"; };
		AD0A54131BDB62B4001943BC /* EZAudioPlot.h */ = {isa = PBXFileReference; fileEncoding = 4; lastKnownFileType = sourcecode.c.h; path = EZAudioPlot.h; sourceTree = "<group>"; };
		AD0A54141BDB62B4001943BC /* EZAudioPlot.m */ = {isa = PBXFileReference; fileEncoding = 4; lastKnownFileType = sourcecode.c.objc; path = EZAudioPlot.m; sourceTree = "<group>"; };
		AD0A54151BDB62B4001943BC /* EZAudioPlotGL.h */ = {isa = PBXFileReference; fileEncoding = 4; lastKnownFileType = sourcecode.c.h; path = EZAudioPlotGL.h; sourceTree = "<group>"; };
		AD0A54161BDB62B4001943BC /* EZAudioPlotGL.m */ = {isa = PBXFileReference; fileEncoding = 4; lastKnownFileType = sourcecode.c.objc; path = EZAudioPlotGL.m; sourceTree = "<group>"; };
		AD0A54171BDB62B4001943BC /* EZAudioUtilities.h */ = {isa = PBXFileReference; fileEncoding = 4; lastKnownFileType = sourcecode.c.h; path = EZAudioUtilities.h; sourceTree = "<group>"; };
		AD0A54181BDB62B4001943BC /* EZAudioUtilities.m */ = {isa = PBXFileReference; fileEncoding = 4; lastKnownFileType = sourcecode.c.objc; path = EZAudioUtilities.m; sourceTree = "<group>"; };
		AD0A54191BDB62B4001943BC /* EZMicrophone.h */ = {isa = PBXFileReference; fileEncoding = 4; lastKnownFileType = sourcecode.c.h; path = EZMicrophone.h; sourceTree = "<group>"; };
		AD0A541A1BDB62B4001943BC /* EZMicrophone.m */ = {isa = PBXFileReference; fileEncoding = 4; lastKnownFileType = sourcecode.c.objc; path = EZMicrophone.m; sourceTree = "<group>"; };
		AD0A541B1BDB62B4001943BC /* EZOutput.h */ = {isa = PBXFileReference; fileEncoding = 4; lastKnownFileType = sourcecode.c.h; path = EZOutput.h; sourceTree = "<group>"; };
		AD0A541C1BDB62B4001943BC /* EZOutput.m */ = {isa = PBXFileReference; fileEncoding = 4; lastKnownFileType = sourcecode.c.objc; path = EZOutput.m; sourceTree = "<group>"; };
		AD0A541D1BDB62B4001943BC /* EZPlot.h */ = {isa = PBXFileReference; fileEncoding = 4; lastKnownFileType = sourcecode.c.h; path = EZPlot.h; sourceTree = "<group>"; };
		AD0A541E1BDB62B4001943BC /* EZPlot.m */ = {isa = PBXFileReference; fileEncoding = 4; lastKnownFileType = sourcecode.c.objc; path = EZPlot.m; sourceTree = "<group>"; };
		AD0A541F1BDB62B4001943BC /* EZRecorder.h */ = {isa = PBXFileReference; fileEncoding = 4; lastKnownFileType = sourcecode.c.h; path = EZRecorder.h; sourceTree = "<group>"; };
		AD0A54201BDB62B4001943BC /* EZRecorder.m */ = {isa = PBXFileReference; fileEncoding = 4; lastKnownFileType = sourcecode.c.objc; path = EZRecorder.m; sourceTree = "<group>"; };
		AD0A54211BDB62B4001943BC /* TPCircularBuffer.c */ = {isa = PBXFileReference; fileEncoding = 4; lastKnownFileType = sourcecode.c.c; path = TPCircularBuffer.c; sourceTree = "<group>"; };
		AD0A54221BDB62B4001943BC /* TPCircularBuffer.h */ = {isa = PBXFileReference; fileEncoding = 4; lastKnownFileType = sourcecode.c.h; path = TPCircularBuffer.h; sourceTree = "<group>"; };
		AD0A54331BDB6706001943BC /* AVFoundation.framework */ = {isa = PBXFileReference; lastKnownFileType = wrapper.framework; name = AVFoundation.framework; path = System/Library/Frameworks/AVFoundation.framework; sourceTree = SDKROOT; };
		AD0A54351BDB670C001943BC /* Accelerate.framework */ = {isa = PBXFileReference; lastKnownFileType = wrapper.framework; name = Accelerate.framework; path = System/Library/Frameworks/Accelerate.framework; sourceTree = SDKROOT; };
		AD0A54371BDB6714001943BC /* AudioToolbox.framework */ = {isa = PBXFileReference; lastKnownFileType = wrapper.framework; name = AudioToolbox.framework; path = System/Library/Frameworks/AudioToolbox.framework; sourceTree = SDKROOT; };
		AD0A54391BDB671C001943BC /* CoreGraphics.framework */ = {isa = PBXFileReference; lastKnownFileType = wrapper.framework; name = CoreGraphics.framework; path = System/Library/Frameworks/CoreGraphics.framework; sourceTree = SDKROOT; };
		AD0A543B1BDB6725001943BC /* GLKit.framework */ = {isa = PBXFileReference; lastKnownFileType = wrapper.framework; name = GLKit.framework; path = System/Library/Frameworks/GLKit.framework; sourceTree = SDKROOT; };
		AD0A54411BDB766B001943BC /* wopiDesk.app */ = {isa = PBXFileReference; explicitFileType = wrapper.application; includeInIndex = 0; path = wopiDesk.app; sourceTree = BUILT_PRODUCTS_DIR; };
		AD0A54431BDB766B001943BC /* AppDelegate.h */ = {isa = PBXFileReference; lastKnownFileType = sourcecode.c.h; path = AppDelegate.h; sourceTree = "<group>"; };
		AD0A54441BDB766B001943BC /* AppDelegate.m */ = {isa = PBXFileReference; lastKnownFileType = sourcecode.c.objc; path = AppDelegate.m; sourceTree = "<group>"; };
		AD0A54471BDB766B001943BC /* main.m */ = {isa = PBXFileReference; lastKnownFileType = sourcecode.c.objc; path = main.m; sourceTree = "<group>"; };
		AD0A54491BDB766B001943BC /* Assets.xcassets */ = {isa = PBXFileReference; lastKnownFileType = folder.assetcatalog; path = Assets.xcassets; sourceTree = "<group>"; };
		AD0A544C1BDB766B001943BC /* Base */ = {isa = PBXFileReference; lastKnownFileType = file.xib; name = Base; path = Base.lproj/MainMenu.xib; sourceTree = "<group>"; };
		AD0A544E1BDB766B001943BC /* Info.plist */ = {isa = PBXFileReference; lastKnownFileType = text.plist.xml; path = Info.plist; sourceTree = "<group>"; };
/* End PBXFileReference section */

/* Begin PBXFrameworksBuildPhase section */
		AD0A53C41BDB5699001943BC /* Frameworks */ = {
			isa = PBXFrameworksBuildPhase;
			buildActionMask = 2147483647;
			files = (
				AD0A543C1BDB6725001943BC /* GLKit.framework in Frameworks */,
				AD0A543A1BDB671C001943BC /* CoreGraphics.framework in Frameworks */,
				AD0A54381BDB6714001943BC /* AudioToolbox.framework in Frameworks */,
				AD0A54361BDB670C001943BC /* Accelerate.framework in Frameworks */,
				AD0A54341BDB6706001943BC /* AVFoundation.framework in Frameworks */,
				AD0A53E21BDB5F6C001943BC /* MultipeerConnectivity.framework in Frameworks */,
			);
			runOnlyForDeploymentPostprocessing = 0;
		};
		AD0A543E1BDB766B001943BC /* Frameworks */ = {
			isa = PBXFrameworksBuildPhase;
			buildActionMask = 2147483647;
			files = (
			);
			runOnlyForDeploymentPostprocessing = 0;
		};
/* End PBXFrameworksBuildPhase section */

/* Begin PBXGroup section */
		AD0A53BE1BDB5699001943BC = {
			isa = PBXGroup;
			children = (
				AD0A543B1BDB6725001943BC /* GLKit.framework */,
				AD0A54391BDB671C001943BC /* CoreGraphics.framework */,
				AD0A54371BDB6714001943BC /* AudioToolbox.framework */,
				AD0A54351BDB670C001943BC /* Accelerate.framework */,
				AD0A54331BDB6706001943BC /* AVFoundation.framework */,
				AD0A53E11BDB5F6C001943BC /* MultipeerConnectivity.framework */,
				AD0A53C91BDB5699001943BC /* Wopi */,
				AD0A54421BDB766B001943BC /* wopiDesk */,
				AD0A53C81BDB5699001943BC /* Products */,
			);
			sourceTree = "<group>";
		};
		AD0A53C81BDB5699001943BC /* Products */ = {
			isa = PBXGroup;
			children = (
				AD0A53C71BDB5699001943BC /* Wopi.app */,
				AD0A54411BDB766B001943BC /* wopiDesk.app */,
			);
			name = Products;
			sourceTree = "<group>";
		};
		AD0A53C91BDB5699001943BC /* Wopi */ = {
			isa = PBXGroup;
			children = (
				AD0A54021BDB628F001943BC /* EZAudio */,
				AD0A53CD1BDB5699001943BC /* AppDelegate.h */,
				AD0A53CE1BDB5699001943BC /* AppDelegate.m */,
				AD0A53D01BDB5699001943BC /* ViewController.h */,
				AD0A53D11BDB5699001943BC /* ViewController.m */,
				AD0A53D61BDB5699001943BC /* Assets.xcassets */,
				AD0A53D81BDB5699001943BC /* LaunchScreen.storyboard */,
				AD0A53DB1BDB5699001943BC /* Info.plist */,
				AD0A53CA1BDB5699001943BC /* Supporting Files */,
			);
			path = Wopi;
			sourceTree = "<group>";
		};
		AD0A53CA1BDB5699001943BC /* Supporting Files */ = {
			isa = PBXGroup;
			children = (
				AD0A53CB1BDB5699001943BC /* main.m */,
			);
			name = "Supporting Files";
			sourceTree = "<group>";
		};
		AD0A54021BDB628F001943BC /* EZAudio */ = {
			isa = PBXGroup;
			children = (
				AD0A54031BDB62B4001943BC /* EZAudio.h */,
				AD0A54041BDB62B4001943BC /* EZAudio.m */,
				AD0A54051BDB62B4001943BC /* EZAudioDevice.h */,
				AD0A54061BDB62B4001943BC /* EZAudioDevice.m */,
				AD0A54071BDB62B4001943BC /* EZAudioDisplayLink.h */,
				AD0A54081BDB62B4001943BC /* EZAudioDisplayLink.m */,
				AD0A54091BDB62B4001943BC /* EZAudioFFT.h */,
				AD0A540A1BDB62B4001943BC /* EZAudioFFT.m */,
				AD0A540B1BDB62B4001943BC /* EZAudioFile.h */,
				AD0A540C1BDB62B4001943BC /* EZAudioFile.m */,
				AD0A540D1BDB62B4001943BC /* EZAudioFloatConverter.h */,
				AD0A540E1BDB62B4001943BC /* EZAudioFloatConverter.m */,
				AD0A540F1BDB62B4001943BC /* EZAudioFloatData.h */,
				AD0A54101BDB62B4001943BC /* EZAudioFloatData.m */,
				AD0A54111BDB62B4001943BC /* EZAudioPlayer.h */,
				AD0A54121BDB62B4001943BC /* EZAudioPlayer.m */,
				AD0A54131BDB62B4001943BC /* EZAudioPlot.h */,
				AD0A54141BDB62B4001943BC /* EZAudioPlot.m */,
				AD0A54151BDB62B4001943BC /* EZAudioPlotGL.h */,
				AD0A54161BDB62B4001943BC /* EZAudioPlotGL.m */,
				AD0A54171BDB62B4001943BC /* EZAudioUtilities.h */,
				AD0A54181BDB62B4001943BC /* EZAudioUtilities.m */,
				AD0A54191BDB62B4001943BC /* EZMicrophone.h */,
				AD0A541A1BDB62B4001943BC /* EZMicrophone.m */,
				AD0A541B1BDB62B4001943BC /* EZOutput.h */,
				AD0A541C1BDB62B4001943BC /* EZOutput.m */,
				AD0A541D1BDB62B4001943BC /* EZPlot.h */,
				AD0A541E1BDB62B4001943BC /* EZPlot.m */,
				AD0A541F1BDB62B4001943BC /* EZRecorder.h */,
				AD0A54201BDB62B4001943BC /* EZRecorder.m */,
				AD0A54211BDB62B4001943BC /* TPCircularBuffer.c */,
				AD0A54221BDB62B4001943BC /* TPCircularBuffer.h */,
			);
			name = EZAudio;
			sourceTree = "<group>";
		};
		AD0A54421BDB766B001943BC /* wopiDesk */ = {
			isa = PBXGroup;
			children = (
				AD0A54431BDB766B001943BC /* AppDelegate.h */,
				AD0A54441BDB766B001943BC /* AppDelegate.m */,
				AD0A54491BDB766B001943BC /* Assets.xcassets */,
				AD0A544B1BDB766B001943BC /* MainMenu.xib */,
				AD0A544E1BDB766B001943BC /* Info.plist */,
				AD0A54461BDB766B001943BC /* Supporting Files */,
			);
			path = wopiDesk;
			sourceTree = "<group>";
		};
		AD0A54461BDB766B001943BC /* Supporting Files */ = {
			isa = PBXGroup;
			children = (
				AD0A54471BDB766B001943BC /* main.m */,
			);
			name = "Supporting Files";
			sourceTree = "<group>";
		};
/* End PBXGroup section */

/* Begin PBXNativeTarget section */
		AD0A53C61BDB5699001943BC /* Wopi */ = {
			isa = PBXNativeTarget;
			buildConfigurationList = AD0A53DE1BDB5699001943BC /* Build configuration list for PBXNativeTarget "Wopi" */;
			buildPhases = (
				AD0A53C31BDB5699001943BC /* Sources */,
				AD0A53C41BDB5699001943BC /* Frameworks */,
				AD0A53C51BDB5699001943BC /* Resources */,
			);
			buildRules = (
			);
			dependencies = (
			);
			name = Wopi;
			productName = Wopi;
			productReference = AD0A53C71BDB5699001943BC /* Wopi.app */;
			productType = "com.apple.product-type.application";
		};
		AD0A54401BDB766B001943BC /* wopiDesk */ = {
			isa = PBXNativeTarget;
			buildConfigurationList = AD0A544F1BDB766B001943BC /* Build configuration list for PBXNativeTarget "wopiDesk" */;
			buildPhases = (
				AD0A543D1BDB766B001943BC /* Sources */,
				AD0A543E1BDB766B001943BC /* Frameworks */,
				AD0A543F1BDB766B001943BC /* Resources */,
			);
			buildRules = (
			);
			dependencies = (
			);
			name = wopiDesk;
			productName = wopiDesk;
			productReference = AD0A54411BDB766B001943BC /* wopiDesk.app */;
			productType = "com.apple.product-type.application";
		};
/* End PBXNativeTarget section */

/* Begin PBXProject section */
		AD0A53BF1BDB5699001943BC /* Project object */ = {
			isa = PBXProject;
			attributes = {
				LastUpgradeCheck = 0700;
				ORGANIZATIONNAME = "Nicholas Peretti";
				TargetAttributes = {
					AD0A53C61BDB5699001943BC = {
						CreatedOnToolsVersion = 7.0;
						DevelopmentTeam = 8VB4RLF77S;
					};
					AD0A54401BDB766B001943BC = {
						CreatedOnToolsVersion = 7.0;
					};
				};
			};
			buildConfigurationList = AD0A53C21BDB5699001943BC /* Build configuration list for PBXProject "Wopi" */;
			compatibilityVersion = "Xcode 3.2";
			developmentRegion = English;
			hasScannedForEncodings = 0;
			knownRegions = (
				en,
				Base,
			);
			mainGroup = AD0A53BE1BDB5699001943BC;
			productRefGroup = AD0A53C81BDB5699001943BC /* Products */;
			projectDirPath = "";
			projectRoot = "";
			targets = (
				AD0A53C61BDB5699001943BC /* Wopi */,
				AD0A54401BDB766B001943BC /* wopiDesk */,
			);
		};
/* End PBXProject section */

/* Begin PBXResourcesBuildPhase section */
		AD0A53C51BDB5699001943BC /* Resources */ = {
			isa = PBXResourcesBuildPhase;
			buildActionMask = 2147483647;
			files = (
				AD0A53DA1BDB5699001943BC /* LaunchScreen.storyboard in Resources */,
				AD0A53D71BDB5699001943BC /* Assets.xcassets in Resources */,
			);
			runOnlyForDeploymentPostprocessing = 0;
		};
		AD0A543F1BDB766B001943BC /* Resources */ = {
			isa = PBXResourcesBuildPhase;
			buildActionMask = 2147483647;
			files = (
				AD0A544A1BDB766B001943BC /* Assets.xcassets in Resources */,
				AD0A544D1BDB766B001943BC /* MainMenu.xib in Resources */,
			);
			runOnlyForDeploymentPostprocessing = 0;
		};
/* End PBXResourcesBuildPhase section */

/* Begin PBXSourcesBuildPhase section */
		AD0A53C31BDB5699001943BC /* Sources */ = {
			isa = PBXSourcesBuildPhase;
			buildActionMask = 2147483647;
			files = (
				AD0A54311BDB62B4001943BC /* EZRecorder.m in Sources */,
				AD0A542B1BDB62B4001943BC /* EZAudioPlot.m in Sources */,
				AD0A542A1BDB62B4001943BC /* EZAudioPlayer.m in Sources */,
				AD0A53D21BDB5699001943BC /* ViewController.m in Sources */,
				AD0A542C1BDB62B4001943BC /* EZAudioPlotGL.m in Sources */,
				AD0A54271BDB62B4001943BC /* EZAudioFile.m in Sources */,
				AD0A542F1BDB62B4001943BC /* EZOutput.m in Sources */,
				AD0A54231BDB62B4001943BC /* EZAudio.m in Sources */,
				AD0A54321BDB62B4001943BC /* TPCircularBuffer.c in Sources */,
				AD0A53CF1BDB5699001943BC /* AppDelegate.m in Sources */,
				AD0A54291BDB62B4001943BC /* EZAudioFloatData.m in Sources */,
				AD0A542E1BDB62B4001943BC /* EZMicrophone.m in Sources */,
				AD0A54281BDB62B4001943BC /* EZAudioFloatConverter.m in Sources */,
				AD0A53CC1BDB5699001943BC /* main.m in Sources */,
				AD0A54251BDB62B4001943BC /* EZAudioDisplayLink.m in Sources */,
				AD0A54301BDB62B4001943BC /* EZPlot.m in Sources */,
				AD0A54261BDB62B4001943BC /* EZAudioFFT.m in Sources */,
				AD0A542D1BDB62B4001943BC /* EZAudioUtilities.m in Sources */,
				AD0A54241BDB62B4001943BC /* EZAudioDevice.m in Sources */,
			);
			runOnlyForDeploymentPostprocessing = 0;
		};
		AD0A543D1BDB766B001943BC /* Sources */ = {
			isa = PBXSourcesBuildPhase;
			buildActionMask = 2147483647;
			files = (
				AD0A54481BDB766B001943BC /* main.m in Sources */,
				AD0A54451BDB766B001943BC /* AppDelegate.m in Sources */,
			);
			runOnlyForDeploymentPostprocessing = 0;
		};
/* End PBXSourcesBuildPhase section */

/* Begin PBXVariantGroup section */
		AD0A53D81BDB5699001943BC /* LaunchScreen.storyboard */ = {
			isa = PBXVariantGroup;
			children = (
				AD0A53D91BDB5699001943BC /* Base */,
			);
			name = LaunchScreen.storyboard;
			sourceTree = "<group>";
		};
		AD0A544B1BDB766B001943BC /* MainMenu.xib */ = {
			isa = PBXVariantGroup;
			children = (
				AD0A544C1BDB766B001943BC /* Base */,
			);
			name = MainMenu.xib;
			sourceTree = "<group>";
		};
/* End PBXVariantGroup section */

/* Begin XCBuildConfiguration section */
		AD0A53DC1BDB5699001943BC /* Debug */ = {
			isa = XCBuildConfiguration;
			buildSettings = {
				ALWAYS_SEARCH_USER_PATHS = NO;
				CLANG_CXX_LANGUAGE_STANDARD = "gnu++0x";
				CLANG_CXX_LIBRARY = "libc++";
				CLANG_ENABLE_MODULES = YES;
				CLANG_ENABLE_OBJC_ARC = YES;
				CLANG_WARN_BOOL_CONVERSION = YES;
				CLANG_WARN_CONSTANT_CONVERSION = YES;
				CLANG_WARN_DIRECT_OBJC_ISA_USAGE = YES_ERROR;
				CLANG_WARN_EMPTY_BODY = YES;
				CLANG_WARN_ENUM_CONVERSION = YES;
				CLANG_WARN_INT_CONVERSION = YES;
				CLANG_WARN_OBJC_ROOT_CLASS = YES_ERROR;
				CLANG_WARN_UNREACHABLE_CODE = YES;
				CLANG_WARN__DUPLICATE_METHOD_MATCH = YES;
				"CODE_SIGN_IDENTITY[sdk=iphoneos*]" = "iPhone Developer";
				COPY_PHASE_STRIP = NO;
				DEBUG_INFORMATION_FORMAT = dwarf;
				ENABLE_STRICT_OBJC_MSGSEND = YES;
				ENABLE_TESTABILITY = YES;
				GCC_C_LANGUAGE_STANDARD = gnu99;
				GCC_DYNAMIC_NO_PIC = NO;
				GCC_NO_COMMON_BLOCKS = YES;
				GCC_OPTIMIZATION_LEVEL = 0;
				GCC_PREPROCESSOR_DEFINITIONS = (
					"DEBUG=1",
					"$(inherited)",
				);
				GCC_WARN_64_TO_32_BIT_CONVERSION = YES;
				GCC_WARN_ABOUT_RETURN_TYPE = YES_ERROR;
				GCC_WARN_UNDECLARED_SELECTOR = YES;
				GCC_WARN_UNINITIALIZED_AUTOS = YES_AGGRESSIVE;
				GCC_WARN_UNUSED_FUNCTION = YES;
				GCC_WARN_UNUSED_VARIABLE = YES;
				IPHONEOS_DEPLOYMENT_TARGET = 9.0;
				MTL_ENABLE_DEBUG_INFO = YES;
				ONLY_ACTIVE_ARCH = YES;
				SDKROOT = iphoneos;
				TARGETED_DEVICE_FAMILY = "1,2";
			};
			name = Debug;
		};
		AD0A53DD1BDB5699001943BC /* Release */ = {
			isa = XCBuildConfiguration;
			buildSettings = {
				ALWAYS_SEARCH_USER_PATHS = NO;
				CLANG_CXX_LANGUAGE_STANDARD = "gnu++0x";
				CLANG_CXX_LIBRARY = "libc++";
				CLANG_ENABLE_MODULES = YES;
				CLANG_ENABLE_OBJC_ARC = YES;
				CLANG_WARN_BOOL_CONVERSION = YES;
				CLANG_WARN_CONSTANT_CONVERSION = YES;
				CLANG_WARN_DIRECT_OBJC_ISA_USAGE = YES_ERROR;
				CLANG_WARN_EMPTY_BODY = YES;
				CLANG_WARN_ENUM_CONVERSION = YES;
				CLANG_WARN_INT_CONVERSION = YES;
				CLANG_WARN_OBJC_ROOT_CLASS = YES_ERROR;
				CLANG_WARN_UNREACHABLE_CODE = YES;
				CLANG_WARN__DUPLICATE_METHOD_MATCH = YES;
				"CODE_SIGN_IDENTITY[sdk=iphoneos*]" = "iPhone Developer";
				COPY_PHASE_STRIP = NO;
				DEBUG_INFORMATION_FORMAT = "dwarf-with-dsym";
				ENABLE_NS_ASSERTIONS = NO;
				ENABLE_STRICT_OBJC_MSGSEND = YES;
				GCC_C_LANGUAGE_STANDARD = gnu99;
				GCC_NO_COMMON_BLOCKS = YES;
				GCC_WARN_64_TO_32_BIT_CONVERSION = YES;
				GCC_WARN_ABOUT_RETURN_TYPE = YES_ERROR;
				GCC_WARN_UNDECLARED_SELECTOR = YES;
				GCC_WARN_UNINITIALIZED_AUTOS = YES_AGGRESSIVE;
				GCC_WARN_UNUSED_FUNCTION = YES;
				GCC_WARN_UNUSED_VARIABLE = YES;
				IPHONEOS_DEPLOYMENT_TARGET = 9.0;
				MTL_ENABLE_DEBUG_INFO = NO;
				SDKROOT = iphoneos;
				TARGETED_DEVICE_FAMILY = "1,2";
				VALIDATE_PRODUCT = YES;
			};
			name = Release;
		};
		AD0A53DF1BDB5699001943BC /* Debug */ = {
			isa = XCBuildConfiguration;
			buildSettings = {
				ASSETCATALOG_COMPILER_APPICON_NAME = AppIcon;
				CODE_SIGN_IDENTITY = "iPhone Developer";
				"CODE_SIGN_IDENTITY[sdk=iphoneos*]" = "iPhone Developer";
				INFOPLIST_FILE = Wopi/Info.plist;
				IPHONEOS_DEPLOYMENT_TARGET = 8.0;
				LD_RUNPATH_SEARCH_PATHS = "$(inherited) @executable_path/Frameworks";
				PRODUCT_BUNDLE_IDENTIFIER = com.qwertyflagstop.wopi.Wopi;
				PRODUCT_NAME = "$(TARGET_NAME)";
				PROVISIONING_PROFILE = "";
			};
			name = Debug;
		};
		AD0A53E01BDB5699001943BC /* Release */ = {
			isa = XCBuildConfiguration;
			buildSettings = {
				ASSETCATALOG_COMPILER_APPICON_NAME = AppIcon;
				CODE_SIGN_IDENTITY = "iPhone Developer";
				"CODE_SIGN_IDENTITY[sdk=iphoneos*]" = "iPhone Developer";
				INFOPLIST_FILE = Wopi/Info.plist;
				IPHONEOS_DEPLOYMENT_TARGET = 8.0;
				LD_RUNPATH_SEARCH_PATHS = "$(inherited) @executable_path/Frameworks";
				PRODUCT_BUNDLE_IDENTIFIER = com.qwertyflagstop.wopi.Wopi;
				PRODUCT_NAME = "$(TARGET_NAME)";
				PROVISIONING_PROFILE = "";
			};
			name = Release;
		};
		AD0A54501BDB766B001943BC /* Debug */ = {
			isa = XCBuildConfiguration;
			buildSettings = {
				ASSETCATALOG_COMPILER_APPICON_NAME = AppIcon;
				CODE_SIGN_IDENTITY = "-";
				COMBINE_HIDPI_IMAGES = YES;
				INFOPLIST_FILE = wopiDesk/Info.plist;
				LD_RUNPATH_SEARCH_PATHS = "$(inherited) @executable_path/../Frameworks";
				MACOSX_DEPLOYMENT_TARGET = 10.10;
				PRODUCT_BUNDLE_IDENTIFIER = com.qwertyflagstop.wopiDesk;
				PRODUCT_NAME = "$(TARGET_NAME)";
				SDKROOT = macosx;
			};
			name = Debug;
		};
		AD0A54511BDB766B001943BC /* Release */ = {
			isa = XCBuildConfiguration;
			buildSettings = {
				ASSETCATALOG_COMPILER_APPICON_NAME = AppIcon;
				CODE_SIGN_IDENTITY = "-";
				COMBINE_HIDPI_IMAGES = YES;
				INFOPLIST_FILE = wopiDesk/Info.plist;
				LD_RUNPATH_SEARCH_PATHS = "$(inherited) @executable_path/../Frameworks";
				MACOSX_DEPLOYMENT_TARGET = 10.10;
				PRODUCT_BUNDLE_IDENTIFIER = com.qwertyflagstop.wopiDesk;
				PRODUCT_NAME = "$(TARGET_NAME)";
				SDKROOT = macosx;
			};
			name = Release;
		};
/* End XCBuildConfiguration section */

/* Begin XCConfigurationList section */
		AD0A53C21BDB5699001943BC /* Build configuration list for PBXProject "Wopi" */ = {
			isa = XCConfigurationList;
			buildConfigurations = (
				AD0A53DC1BDB5699001943BC /* Debug */,
				AD0A53DD1BDB5699001943BC /* Release */,
			);
			defaultConfigurationIsVisible = 0;
			defaultConfigurationName = Release;
		};
		AD0A53DE1BDB5699001943BC /* Build configuration list for PBXNativeTarget "Wopi" */ = {
			isa = XCConfigurationList;
			buildConfigurations = (
				AD0A53DF1BDB5699001943BC /* Debug */,
				AD0A53E01BDB5699001943BC /* Release */,
			);
			defaultConfigurationIsVisible = 0;
		};
		AD0A544F1BDB766B001943BC /* Build configuration list for PBXNativeTarget "wopiDesk" */ = {
			isa = XCConfigurationList;
			buildConfigurations = (
				AD0A54501BDB766B001943BC /* Debug */,
				AD0A54511BDB766B001943BC /* Release */,
			);
			defaultConfigurationIsVisible = 0;
		};
/* End XCConfigurationList section */
	};
	rootObject = AD0A53BF1BDB5699001943BC /* Project object */;
}
