// !$*UTF8*$!
{
	archiveVersion = 1;
	classes = {
	};
	objectVersion = 46;
	objects = {

/* Begin PBXBuildFile section */
		AD0A53CC1BDB5699001943BC /* main.m in Sources */ = {isa = PBXBuildFile; fileRef = AD0A53CB1BDB5699001943BC /* main.m */; };
		AD0A53CF1BDB5699001943BC /* AppDelegate.m in Sources */ = {isa = PBXBuildFile; fileRef = AD0A53CE1BDB5699001943BC /* AppDelegate.m */; };
		AD0A53D21BDB5699001943BC /* ViewController.m in Sources */ = {isa = PBXBuildFile; fileRef = AD0A53D11BDB5699001943BC /* ViewController.m */; };
		AD0A53D71BDB5699001943BC /* Assets.xcassets in Resources */ = {isa = PBXBuildFile; fileRef = AD0A53D61BDB5699001943BC /* Assets.xcassets */; };
		AD0A53DA1BDB5699001943BC /* LaunchScreen.storyboard in Resources */ = {isa = PBXBuildFile; fileRef = AD0A53D81BDB5699001943BC /* LaunchScreen.storyboard */; };
		AD0A53E21BDB5F6C001943BC /* MultipeerConnectivity.framework in Frameworks */ = {isa = PBXBuildFile; fileRef = AD0A53E11BDB5F6C001943BC /* MultipeerConnectivity.framework */; };
		AD0A54341BDB6706001943BC /* AVFoundation.framework in Frameworks */ = {isa = PBXBuildFile; fileRef = AD0A54331BDB6706001943BC /* AVFoundation.framework */; };
		AD0A54451BDB766B001943BC /* AppDelegate.m in Sources */ = {isa = PBXBuildFile; fileRef = AD0A54441BDB766B001943BC /* AppDelegate.m */; };
		AD0A54481BDB766B001943BC /* main.m in Sources */ = {isa = PBXBuildFile; fileRef = AD0A54471BDB766B001943BC /* main.m */; };
		AD0A544A1BDB766B001943BC /* Assets.xcassets in Resources */ = {isa = PBXBuildFile; fileRef = AD0A54491BDB766B001943BC /* Assets.xcassets */; };
		AD0A544D1BDB766B001943BC /* MainMenu.xib in Resources */ = {isa = PBXBuildFile; fileRef = AD0A544B1BDB766B001943BC /* MainMenu.xib */; };
		AD0A54541BDBF11C001943BC /* WPPeerClient.m in Sources */ = {isa = PBXBuildFile; fileRef = AD0A54531BDBF11C001943BC /* WPPeerClient.m */; };
		AD0A54571BDBF2CB001943BC /* WPListener.m in Sources */ = {isa = PBXBuildFile; fileRef = AD0A54561BDBF2CB001943BC /* WPListener.m */; };
		AD0A545B1BDBF932001943BC /* WPPeerHost.m in Sources */ = {isa = PBXBuildFile; fileRef = AD0A545A1BDBF932001943BC /* WPPeerHost.m */; };
		AD0A545C1BDBF932001943BC /* WPPeerHost.m in Sources */ = {isa = PBXBuildFile; fileRef = AD0A545A1BDBF932001943BC /* WPPeerHost.m */; };
		AD0A545E1BDBFFBE001943BC /* MultipeerConnectivity.framework in Frameworks */ = {isa = PBXBuildFile; fileRef = AD0A545D1BDBFFBE001943BC /* MultipeerConnectivity.framework */; };
		AD0A54601BDBFFC4001943BC /* AVFoundation.framework in Frameworks */ = {isa = PBXBuildFile; fileRef = AD0A545F1BDBFFC4001943BC /* AVFoundation.framework */; };
/* End PBXBuildFile section */

/* Begin PBXFileReference section */
		AD0A53C71BDB5699001943BC /* Wopi.app */ = {isa = PBXFileReference; explicitFileType = wrapper.application; includeInIndex = 0; path = Wopi.app; sourceTree = BUILT_PRODUCTS_DIR; };
		AD0A53CB1BDB5699001943BC /* main.m */ = {isa = PBXFileReference; lastKnownFileType = sourcecode.c.objc; path = main.m; sourceTree = "<group>"; };
		AD0A53CD1BDB5699001943BC /* AppDelegate.h */ = {isa = PBXFileReference; lastKnownFileType = sourcecode.c.h; path = AppDelegate.h; sourceTree = "<group>"; };
		AD0A53CE1BDB5699001943BC /* AppDelegate.m */ = {isa = PBXFileReference; lastKnownFileType = sourcecode.c.objc; path = AppDelegate.m; sourceTree = "<group>"; };
		AD0A53D01BDB5699001943BC /* ViewController.h */ = {isa = PBXFileReference; lastKnownFileType = sourcecode.c.h; path = ViewController.h; sourceTree = "<group>"; };
		AD0A53D11BDB5699001943BC /* ViewController.m */ = {isa = PBXFileReference; lastKnownFileType = sourcecode.c.objc; path = ViewController.m; sourceTree = "<group>"; };
		AD0A53D61BDB5699001943BC /* Assets.xcassets */ = {isa = PBXFileReference; lastKnownFileType = folder.assetcatalog; path = Assets.xcassets; sourceTree = "<group>"; };
		AD0A53D91BDB5699001943BC /* Base */ = {isa = PBXFileReference; lastKnownFileType = file.storyboard; name = Base; path = Base.lproj/LaunchScreen.storyboard; sourceTree = "<group>"; };
		AD0A53DB1BDB5699001943BC /* Info.plist */ = {isa = PBXFileReference; lastKnownFileType = text.plist.xml; path = Info.plist; sourceTree = "<group>"; };
		AD0A53E11BDB5F6C001943BC /* MultipeerConnectivity.framework */ = {isa = PBXFileReference; lastKnownFileType = wrapper.framework; name = MultipeerConnectivity.framework; path = System/Library/Frameworks/MultipeerConnectivity.framework; sourceTree = SDKROOT; };
		AD0A54331BDB6706001943BC /* AVFoundation.framework */ = {isa = PBXFileReference; lastKnownFileType = wrapper.framework; name = AVFoundation.framework; path = System/Library/Frameworks/AVFoundation.framework; sourceTree = SDKROOT; };
		AD0A54411BDB766B001943BC /* wopiDesk.app */ = {isa = PBXFileReference; explicitFileType = wrapper.application; includeInIndex = 0; path = wopiDesk.app; sourceTree = BUILT_PRODUCTS_DIR; };
		AD0A54431BDB766B001943BC /* AppDelegate.h */ = {isa = PBXFileReference; lastKnownFileType = sourcecode.c.h; path = AppDelegate.h; sourceTree = "<group>"; };
		AD0A54441BDB766B001943BC /* AppDelegate.m */ = {isa = PBXFileReference; lastKnownFileType = sourcecode.c.objc; path = AppDelegate.m; sourceTree = "<group>"; };
		AD0A54471BDB766B001943BC /* main.m */ = {isa = PBXFileReference; lastKnownFileType = sourcecode.c.objc; path = main.m; sourceTree = "<group>"; };
		AD0A54491BDB766B001943BC /* Assets.xcassets */ = {isa = PBXFileReference; lastKnownFileType = folder.assetcatalog; path = Assets.xcassets; sourceTree = "<group>"; };
		AD0A544C1BDB766B001943BC /* Base */ = {isa = PBXFileReference; lastKnownFileType = file.xib; name = Base; path = Base.lproj/MainMenu.xib; sourceTree = "<group>"; };
		AD0A544E1BDB766B001943BC /* Info.plist */ = {isa = PBXFileReference; lastKnownFileType = text.plist.xml; path = Info.plist; sourceTree = "<group>"; };
		AD0A54521BDBF11C001943BC /* WPPeerClient.h */ = {isa = PBXFileReference; fileEncoding = 4; lastKnownFileType = sourcecode.c.h; path = WPPeerClient.h; sourceTree = "<group>"; };
		AD0A54531BDBF11C001943BC /* WPPeerClient.m */ = {isa = PBXFileReference; fileEncoding = 4; lastKnownFileType = sourcecode.c.objc; path = WPPeerClient.m; sourceTree = "<group>"; };
		AD0A54551BDBF2CB001943BC /* WPListener.h */ = {isa = PBXFileReference; fileEncoding = 4; lastKnownFileType = sourcecode.c.h; path = WPListener.h; sourceTree = "<group>"; };
		AD0A54561BDBF2CB001943BC /* WPListener.m */ = {isa = PBXFileReference; fileEncoding = 4; lastKnownFileType = sourcecode.c.objc; path = WPListener.m; sourceTree = "<group>"; };
		AD0A54591BDBF932001943BC /* WPPeerHost.h */ = {isa = PBXFileReference; fileEncoding = 4; lastKnownFileType = sourcecode.c.h; name = WPPeerHost.h; path = ../WPPeerHost.h; sourceTree = "<group>"; };
		AD0A545A1BDBF932001943BC /* WPPeerHost.m */ = {isa = PBXFileReference; fileEncoding = 4; lastKnownFileType = sourcecode.c.objc; name = WPPeerHost.m; path = ../WPPeerHost.m; sourceTree = "<group>"; };
		AD0A545D1BDBFFBE001943BC /* MultipeerConnectivity.framework */ = {isa = PBXFileReference; lastKnownFileType = wrapper.framework; name = MultipeerConnectivity.framework; path = Platforms/MacOSX.platform/Developer/SDKs/MacOSX10.11.sdk/System/Library/Frameworks/MultipeerConnectivity.framework; sourceTree = DEVELOPER_DIR; };
		AD0A545F1BDBFFC4001943BC /* AVFoundation.framework */ = {isa = PBXFileReference; lastKnownFileType = wrapper.framework; name = AVFoundation.framework; path = Platforms/MacOSX.platform/Developer/SDKs/MacOSX10.11.sdk/System/Library/Frameworks/AVFoundation.framework; sourceTree = DEVELOPER_DIR; };
/* End PBXFileReference section */

/* Begin PBXFrameworksBuildPhase section */
		AD0A53C41BDB5699001943BC /* Frameworks */ = {
			isa = PBXFrameworksBuildPhase;
			buildActionMask = 2147483647;
			files = (
				AD0A54341BDB6706001943BC /* AVFoundation.framework in Frameworks */,
				AD0A53E21BDB5F6C001943BC /* MultipeerConnectivity.framework in Frameworks */,
			);
			runOnlyForDeploymentPostprocessing = 0;
		};
		AD0A543E1BDB766B001943BC /* Frameworks */ = {
			isa = PBXFrameworksBuildPhase;
			buildActionMask = 2147483647;
			files = (
				AD0A54601BDBFFC4001943BC /* AVFoundation.framework in Frameworks */,
				AD0A545E1BDBFFBE001943BC /* MultipeerConnectivity.framework in Frameworks */,
			);
			runOnlyForDeploymentPostprocessing = 0;
		};
/* End PBXFrameworksBuildPhase section */

/* Begin PBXGroup section */
		AD0A53BE1BDB5699001943BC = {
			isa = PBXGroup;
			children = (
				AD0A54331BDB6706001943BC /* AVFoundation.framework */,
				AD0A53E11BDB5F6C001943BC /* MultipeerConnectivity.framework */,
				AD0A53C91BDB5699001943BC /* Wopi */,
				AD0A54421BDB766B001943BC /* wopiDesk */,
				AD0A53C81BDB5699001943BC /* Products */,
			);
			sourceTree = "<group>";
		};
		AD0A53C81BDB5699001943BC /* Products */ = {
			isa = PBXGroup;
			children = (
				AD0A53C71BDB5699001943BC /* Wopi.app */,
				AD0A54411BDB766B001943BC /* wopiDesk.app */,
			);
			name = Products;
			sourceTree = "<group>";
		};
		AD0A53C91BDB5699001943BC /* Wopi */ = {
			isa = PBXGroup;
			children = (
				AD0A53CD1BDB5699001943BC /* AppDelegate.h */,
				AD0A53CE1BDB5699001943BC /* AppDelegate.m */,
				AD0A53D01BDB5699001943BC /* ViewController.h */,
				AD0A53D11BDB5699001943BC /* ViewController.m */,
				AD0A54551BDBF2CB001943BC /* WPListener.h */,
				AD0A54561BDBF2CB001943BC /* WPListener.m */,
				AD0A54521BDBF11C001943BC /* WPPeerClient.h */,
				AD0A54531BDBF11C001943BC /* WPPeerClient.m */,
				AD0A53D61BDB5699001943BC /* Assets.xcassets */,
				AD0A53D81BDB5699001943BC /* LaunchScreen.storyboard */,
				AD0A53DB1BDB5699001943BC /* Info.plist */,
				AD0A53CA1BDB5699001943BC /* Supporting Files */,
			);
			path = Wopi;
			sourceTree = "<group>";
		};
		AD0A53CA1BDB5699001943BC /* Supporting Files */ = {
			isa = PBXGroup;
			children = (
				AD0A53CB1BDB5699001943BC /* main.m */,
			);
			name = "Supporting Files";
			sourceTree = "<group>";
		};
		AD0A54421BDB766B001943BC /* wopiDesk */ = {
			isa = PBXGroup;
			children = (
				AD0A545F1BDBFFC4001943BC /* AVFoundation.framework */,
				AD0A545D1BDBFFBE001943BC /* MultipeerConnectivity.framework */,
				AD0A54431BDB766B001943BC /* AppDelegate.h */,
				AD0A54441BDB766B001943BC /* AppDelegate.m */,
				AD0A54591BDBF932001943BC /* WPPeerHost.h */,
				AD0A545A1BDBF932001943BC /* WPPeerHost.m */,
				AD0A54491BDB766B001943BC /* Assets.xcassets */,
				AD0A544B1BDB766B001943BC /* MainMenu.xib */,
				AD0A544E1BDB766B001943BC /* Info.plist */,
				AD0A54461BDB766B001943BC /* Supporting Files */,
			);
			path = wopiDesk;
			sourceTree = "<group>";
		};
		AD0A54461BDB766B001943BC /* Supporting Files */ = {
			isa = PBXGroup;
			children = (
				AD0A54471BDB766B001943BC /* main.m */,
			);
			name = "Supporting Files";
			sourceTree = "<group>";
		};
/* End PBXGroup section */

/* Begin PBXNativeTarget section */
		AD0A53C61BDB5699001943BC /* Wopi */ = {
			isa = PBXNativeTarget;
			buildConfigurationList = AD0A53DE1BDB5699001943BC /* Build configuration list for PBXNativeTarget "Wopi" */;
			buildPhases = (
				AD0A53C31BDB5699001943BC /* Sources */,
				AD0A53C41BDB5699001943BC /* Frameworks */,
				AD0A53C51BDB5699001943BC /* Resources */,
			);
			buildRules = (
			);
			dependencies = (
			);
			name = Wopi;
			productName = Wopi;
			productReference = AD0A53C71BDB5699001943BC /* Wopi.app */;
			productType = "com.apple.product-type.application";
		};
		AD0A54401BDB766B001943BC /* wopiDesk */ = {
			isa = PBXNativeTarget;
			buildConfigurationList = AD0A544F1BDB766B001943BC /* Build configuration list for PBXNativeTarget "wopiDesk" */;
			buildPhases = (
				AD0A543D1BDB766B001943BC /* Sources */,
				AD0A543E1BDB766B001943BC /* Frameworks */,
				AD0A543F1BDB766B001943BC /* Resources */,
			);
			buildRules = (
			);
			dependencies = (
			);
			name = wopiDesk;
			productName = wopiDesk;
			productReference = AD0A54411BDB766B001943BC /* wopiDesk.app */;
			productType = "com.apple.product-type.application";
		};
/* End PBXNativeTarget section */

/* Begin PBXProject section */
		AD0A53BF1BDB5699001943BC /* Project object */ = {
			isa = PBXProject;
			attributes = {
				LastUpgradeCheck = 0700;
				ORGANIZATIONNAME = "Nicholas Peretti";
				TargetAttributes = {
					AD0A53C61BDB5699001943BC = {
						CreatedOnToolsVersion = 7.0;
						DevelopmentTeam = 8VB4RLF77S;
					};
					AD0A54401BDB766B001943BC = {
						CreatedOnToolsVersion = 7.0;
					};
				};
			};
			buildConfigurationList = AD0A53C21BDB5699001943BC /* Build configuration list for PBXProject "Wopi" */;
			compatibilityVersion = "Xcode 3.2";
			developmentRegion = English;
			hasScannedForEncodings = 0;
			knownRegions = (
				en,
				Base,
			);
			mainGroup = AD0A53BE1BDB5699001943BC;
			productRefGroup = AD0A53C81BDB5699001943BC /* Products */;
			projectDirPath = "";
			projectRoot = "";
			targets = (
				AD0A53C61BDB5699001943BC /* Wopi */,
				AD0A54401BDB766B001943BC /* wopiDesk */,
			);
		};
/* End PBXProject section */

/* Begin PBXResourcesBuildPhase section */
		AD0A53C51BDB5699001943BC /* Resources */ = {
			isa = PBXResourcesBuildPhase;
			buildActionMask = 2147483647;
			files = (
				AD0A53DA1BDB5699001943BC /* LaunchScreen.storyboard in Resources */,
				AD0A53D71BDB5699001943BC /* Assets.xcassets in Resources */,
			);
			runOnlyForDeploymentPostprocessing = 0;
		};
		AD0A543F1BDB766B001943BC /* Resources */ = {
			isa = PBXResourcesBuildPhase;
			buildActionMask = 2147483647;
			files = (
				AD0A544A1BDB766B001943BC /* Assets.xcassets in Resources */,
				AD0A544D1BDB766B001943BC /* MainMenu.xib in Resources */,
			);
			runOnlyForDeploymentPostprocessing = 0;
		};
/* End PBXResourcesBuildPhase section */

/* Begin PBXSourcesBuildPhase section */
		AD0A53C31BDB5699001943BC /* Sources */ = {
			isa = PBXSourcesBuildPhase;
			buildActionMask = 2147483647;
			files = (
				AD0A545B1BDBF932001943BC /* WPPeerHost.m in Sources */,
				AD0A54571BDBF2CB001943BC /* WPListener.m in Sources */,
				AD0A53D21BDB5699001943BC /* ViewController.m in Sources */,
				AD0A53CF1BDB5699001943BC /* AppDelegate.m in Sources */,
				AD0A53CC1BDB5699001943BC /* main.m in Sources */,
				AD0A54541BDBF11C001943BC /* WPPeerClient.m in Sources */,
			);
			runOnlyForDeploymentPostprocessing = 0;
		};
		AD0A543D1BDB766B001943BC /* Sources */ = {
			isa = PBXSourcesBuildPhase;
			buildActionMask = 2147483647;
			files = (
				AD0A545C1BDBF932001943BC /* WPPeerHost.m in Sources */,
				AD0A54481BDB766B001943BC /* main.m in Sources */,
				AD0A54451BDB766B001943BC /* AppDelegate.m in Sources */,
			);
			runOnlyForDeploymentPostprocessing = 0;
		};
/* End PBXSourcesBuildPhase section */

/* Begin PBXVariantGroup section */
		AD0A53D81BDB5699001943BC /* LaunchScreen.storyboard */ = {
			isa = PBXVariantGroup;
			children = (
				AD0A53D91BDB5699001943BC /* Base */,
			);
			name = LaunchScreen.storyboard;
			sourceTree = "<group>";
		};
		AD0A544B1BDB766B001943BC /* MainMenu.xib */ = {
			isa = PBXVariantGroup;
			children = (
				AD0A544C1BDB766B001943BC /* Base */,
			);
			name = MainMenu.xib;
			sourceTree = "<group>";
		};
/* End PBXVariantGroup section */

/* Begin XCBuildConfiguration section */
		AD0A53DC1BDB5699001943BC /* Debug */ = {
			isa = XCBuildConfiguration;
			buildSettings = {
				ALWAYS_SEARCH_USER_PATHS = NO;
				CLANG_CXX_LANGUAGE_STANDARD = "gnu++0x";
				CLANG_CXX_LIBRARY = "libc++";
				CLANG_ENABLE_MODULES = YES;
				CLANG_ENABLE_OBJC_ARC = YES;
				CLANG_WARN_BOOL_CONVERSION = YES;
				CLANG_WARN_CONSTANT_CONVERSION = YES;
				CLANG_WARN_DIRECT_OBJC_ISA_USAGE = YES_ERROR;
				CLANG_WARN_EMPTY_BODY = YES;
				CLANG_WARN_ENUM_CONVERSION = YES;
				CLANG_WARN_INT_CONVERSION = YES;
				CLANG_WARN_OBJC_ROOT_CLASS = YES_ERROR;
				CLANG_WARN_UNREACHABLE_CODE = YES;
				CLANG_WARN__DUPLICATE_METHOD_MATCH = YES;
				"CODE_SIGN_IDENTITY[sdk=iphoneos*]" = "iPhone Developer";
				COPY_PHASE_STRIP = NO;
				DEBUG_INFORMATION_FORMAT = dwarf;
				ENABLE_STRICT_OBJC_MSGSEND = YES;
				ENABLE_TESTABILITY = YES;
				GCC_C_LANGUAGE_STANDARD = gnu99;
				GCC_DYNAMIC_NO_PIC = NO;
				GCC_NO_COMMON_BLOCKS = YES;
				GCC_OPTIMIZATION_LEVEL = 0;
				GCC_PREPROCESSOR_DEFINITIONS = (
					"DEBUG=1",
					"$(inherited)",
				);
				GCC_WARN_64_TO_32_BIT_CONVERSION = YES;
				GCC_WARN_ABOUT_RETURN_TYPE = YES_ERROR;
				GCC_WARN_UNDECLARED_SELECTOR = YES;
				GCC_WARN_UNINITIALIZED_AUTOS = YES_AGGRESSIVE;
				GCC_WARN_UNUSED_FUNCTION = YES;
				GCC_WARN_UNUSED_VARIABLE = YES;
				IPHONEOS_DEPLOYMENT_TARGET = 9.0;
				MTL_ENABLE_DEBUG_INFO = YES;
				ONLY_ACTIVE_ARCH = YES;
				SDKROOT = iphoneos;
				TARGETED_DEVICE_FAMILY = "1,2";
			};
			name = Debug;
		};
		AD0A53DD1BDB5699001943BC /* Release */ = {
			isa = XCBuildConfiguration;
			buildSettings = {
				ALWAYS_SEARCH_USER_PATHS = NO;
				CLANG_CXX_LANGUAGE_STANDARD = "gnu++0x";
				CLANG_CXX_LIBRARY = "libc++";
				CLANG_ENABLE_MODULES = YES;
				CLANG_ENABLE_OBJC_ARC = YES;
				CLANG_WARN_BOOL_CONVERSION = YES;
				CLANG_WARN_CONSTANT_CONVERSION = YES;
				CLANG_WARN_DIRECT_OBJC_ISA_USAGE = YES_ERROR;
				CLANG_WARN_EMPTY_BODY = YES;
				CLANG_WARN_ENUM_CONVERSION = YES;
				CLANG_WARN_INT_CONVERSION = YES;
				CLANG_WARN_OBJC_ROOT_CLASS = YES_ERROR;
				CLANG_WARN_UNREACHABLE_CODE = YES;
				CLANG_WARN__DUPLICATE_METHOD_MATCH = YES;
				"CODE_SIGN_IDENTITY[sdk=iphoneos*]" = "iPhone Developer";
				COPY_PHASE_STRIP = NO;
				DEBUG_INFORMATION_FORMAT = "dwarf-with-dsym";
				ENABLE_NS_ASSERTIONS = NO;
				ENABLE_STRICT_OBJC_MSGSEND = YES;
				GCC_C_LANGUAGE_STANDARD = gnu99;
				GCC_NO_COMMON_BLOCKS = YES;
				GCC_WARN_64_TO_32_BIT_CONVERSION = YES;
				GCC_WARN_ABOUT_RETURN_TYPE = YES_ERROR;
				GCC_WARN_UNDECLARED_SELECTOR = YES;
				GCC_WARN_UNINITIALIZED_AUTOS = YES_AGGRESSIVE;
				GCC_WARN_UNUSED_FUNCTION = YES;
				GCC_WARN_UNUSED_VARIABLE = YES;
				IPHONEOS_DEPLOYMENT_TARGET = 9.0;
				MTL_ENABLE_DEBUG_INFO = NO;
				SDKROOT = iphoneos;
				TARGETED_DEVICE_FAMILY = "1,2";
				VALIDATE_PRODUCT = YES;
			};
			name = Release;
		};
		AD0A53DF1BDB5699001943BC /* Debug */ = {
			isa = XCBuildConfiguration;
			buildSettings = {
				ASSETCATALOG_COMPILER_APPICON_NAME = AppIcon;
				CODE_SIGN_IDENTITY = "iPhone Developer";
				"CODE_SIGN_IDENTITY[sdk=iphoneos*]" = "iPhone Developer";
				INFOPLIST_FILE = Wopi/Info.plist;
				IPHONEOS_DEPLOYMENT_TARGET = 8.0;
				LD_RUNPATH_SEARCH_PATHS = "$(inherited) @executable_path/Frameworks";
				PRODUCT_BUNDLE_IDENTIFIER = com.qwertyflagstop.wopi.Wopi;
				PRODUCT_NAME = "$(TARGET_NAME)";
				PROVISIONING_PROFILE = "";
			};
			name = Debug;
		};
		AD0A53E01BDB5699001943BC /* Release */ = {
			isa = XCBuildConfiguration;
			buildSettings = {
				ASSETCATALOG_COMPILER_APPICON_NAME = AppIcon;
				CODE_SIGN_IDENTITY = "iPhone Developer";
				"CODE_SIGN_IDENTITY[sdk=iphoneos*]" = "iPhone Developer";
				INFOPLIST_FILE = Wopi/Info.plist;
				IPHONEOS_DEPLOYMENT_TARGET = 8.0;
				LD_RUNPATH_SEARCH_PATHS = "$(inherited) @executable_path/Frameworks";
				PRODUCT_BUNDLE_IDENTIFIER = com.qwertyflagstop.wopi.Wopi;
				PRODUCT_NAME = "$(TARGET_NAME)";
				PROVISIONING_PROFILE = "";
			};
			name = Release;
		};
		AD0A54501BDB766B001943BC /* Debug */ = {
			isa = XCBuildConfiguration;
			buildSettings = {
				ASSETCATALOG_COMPILER_APPICON_NAME = AppIcon;
				CODE_SIGN_IDENTITY = "-";
				COMBINE_HIDPI_IMAGES = YES;
				INFOPLIST_FILE = wopiDesk/Info.plist;
				LD_RUNPATH_SEARCH_PATHS = "$(inherited) @executable_path/../Frameworks";
				MACOSX_DEPLOYMENT_TARGET = 10.10;
				PRODUCT_BUNDLE_IDENTIFIER = com.qwertyflagstop.wopiDesk;
				PRODUCT_NAME = "$(TARGET_NAME)";
				SDKROOT = macosx;
			};
			name = Debug;
		};
		AD0A54511BDB766B001943BC /* Release */ = {
			isa = XCBuildConfiguration;
			buildSettings = {
				ASSETCATALOG_COMPILER_APPICON_NAME = AppIcon;
				CODE_SIGN_IDENTITY = "-";
				COMBINE_HIDPI_IMAGES = YES;
				INFOPLIST_FILE = wopiDesk/Info.plist;
				LD_RUNPATH_SEARCH_PATHS = "$(inherited) @executable_path/../Frameworks";
				MACOSX_DEPLOYMENT_TARGET = 10.10;
				PRODUCT_BUNDLE_IDENTIFIER = com.qwertyflagstop.wopiDesk;
				PRODUCT_NAME = "$(TARGET_NAME)";
				SDKROOT = macosx;
			};
			name = Release;
		};
/* End XCBuildConfiguration section */

/* Begin XCConfigurationList section */
		AD0A53C21BDB5699001943BC /* Build configuration list for PBXProject "Wopi" */ = {
			isa = XCConfigurationList;
			buildConfigurations = (
				AD0A53DC1BDB5699001943BC /* Debug */,
				AD0A53DD1BDB5699001943BC /* Release */,
			);
			defaultConfigurationIsVisible = 0;
			defaultConfigurationName = Release;
		};
		AD0A53DE1BDB5699001943BC /* Build configuration list for PBXNativeTarget "Wopi" */ = {
			isa = XCConfigurationList;
			buildConfigurations = (
				AD0A53DF1BDB5699001943BC /* Debug */,
				AD0A53E01BDB5699001943BC /* Release */,
			);
			defaultConfigurationIsVisible = 0;
			defaultConfigurationName = Release;
		};
		AD0A544F1BDB766B001943BC /* Build configuration list for PBXNativeTarget "wopiDesk" */ = {
			isa = XCConfigurationList;
			buildConfigurations = (
				AD0A54501BDB766B001943BC /* Debug */,
				AD0A54511BDB766B001943BC /* Release */,
			);
			defaultConfigurationIsVisible = 0;
			defaultConfigurationName = Release;
		};
/* End XCConfigurationList section */
	};
	rootObject = AD0A53BF1BDB5699001943BC /* Project object */;
}
